
Microsoft Visual Studio Solution File, Format Version 12.00
# Visual Studio Version 17
VisualStudioVersion = 17.4.33110.190
MinimumVisualStudioVersion = 10.0.40219.1
Project("{FAE04EC0-301F-11D3-BF4B-00C04F79EFBC}") = "flipperCheck", "flipperCheck\flipperCheck.csproj", "{DF92C3E6-55AC-4420-BA2E-C27A906AFC4D}"
EndProject
Global
	GlobalSection(SolutionConfigurationPlatforms) = preSolution
		Debug|Any CPU = Debug|Any CPU
		Release|Any CPU = Release|Any CPU
	EndGlobalSection
	GlobalSection(ProjectConfigurationPlatforms) = postSolution
		{DF92C3E6-55AC-4420-BA2E-C27A906AFC4D}.Debug|Any CPU.ActiveCfg = Debug|Any CPU
		{DF92C3E6-55AC-4420-BA2E-C27A906AFC4D}.Debug|Any CPU.Build.0 = Debug|Any CPU
		{DF92C3E6-55AC-4420-BA2E-C27A906AFC4D}.Release|Any CPU.ActiveCfg = Release|Any CPU
		{DF92C3E6-55AC-4420-BA2E-C27A906AFC4D}.Release|Any CPU.Build.0 = Release|Any CPU
	EndGlobalSection
	GlobalSection(SolutionProperties) = preSolution
		HideSolutionNode = FALSE
	EndGlobalSection
	GlobalSection(ExtensibilityGlobals) = postSolution
		SolutionGuid = {569B24C9-70D1-4CFF-8B3D-06FEA209C16F}
	EndGlobalSection
EndGlobal
